// !$*UTF8*$!
{
	archiveVersion = 1;
	classes = {
	};
	objectVersion = 56;
	objects = {

/* Begin PBXBuildFile section */
		9E1132EB9D4768449FED6A66 /* Card.swift in VideoPoker */ = {isa = PBXBuildFile; fileRef = D1FDB9C787FE61B71B81A395; };
		37E1CC02244EDF75F986D4EE /* CurrentHand.swift in VideoPoker */ = {isa = PBXBuildFile; fileRef = B4FBCFC5437C51BB3690A262; };
		B9C32C7673669EF1D6416FB4 /* Deck.swift in VideoPoker */ = {isa = PBXBuildFile; fileRef = 3577678646F6C48E2B4FD779; };
		F29471674646B04D1C9029AB /* HandAnalyzer.swift in VideoPoker */ = {isa = PBXBuildFile; fileRef = 8120D85ADA534FDA63F8C2C9; };
		B5FDB0C474A69C78F4E0C893 /* HandValue.swift in VideoPoker */ = {isa = PBXBuildFile; fileRef = EA0BD39886E35B6FEB094E78; };
		E104A2DF63DC8126863D8705 /* PaySchedule.swift in VideoPoker */ = {isa = PBXBuildFile; fileRef = F889D6532DADC1281D3EF807; };
		3BFB63E1DE233B90417A3B8E /* PayTables.swift in VideoPoker */ = {isa = PBXBuildFile; fileRef = 2DB10C5359AA5A1BF6BA0E4E; };
		176774F7127818FB99FE9F63 /* SolverData.swift in VideoPoker */ = {isa = PBXBuildFile; fileRef = 0CC75C156511F32D1410780C; };
		CA152EB8DCFE52EDC0490D29 /* AppDelegate.swift in VideoPoker */ = {isa = PBXBuildFile; fileRef = 6397A08251952DDE8297DA29; };
		B0E39AC633851C6D8150AD6E /* CardImages.swift in VideoPoker */ = {isa = PBXBuildFile; fileRef = EAAB5AF0B65EEDB4B9CC6F3D; };
		E37BAA9F716A5A80B2B9C8CF /* CardTableView.swift in VideoPoker */ = {isa = PBXBuildFile; fileRef = 53FFDCE8035B66C13F918A89; };
		682D6886C2EA43F9C7CF9047 /* CardTableViewController.swift in VideoPoker */ = {isa = PBXBuildFile; fileRef = CB043FD54DD7A3226AA4BE0D; };
		217EC4577C1D614393C22343 /* CardView.swift in VideoPoker */ = {isa = PBXBuildFile; fileRef = 1C6D80CCDA6CA0731FF34D23; };
		23A8CD558586E1754C3FBCF0 /* ChooseGameViewController.swift in VideoPoker */ = {isa = PBXBuildFile; fileRef = 49E60BD437282DA726EEBCB3; };
		4A75A7A4852EFC7B5C50CC13 /* GameModel.swift in VideoPoker */ = {isa = PBXBuildFile; fileRef = CEE50FE9AE836641A7F2105A; };
		D3F7A0948D002307819E2F98 /* HandDetailsViewController.swift in VideoPoker */ = {isa = PBXBuildFile; fileRef = C52615EBCE1598B60EC496C7; };
		A6CFA2FC0698426D5577A66F /* HistoryViewController.swift in VideoPoker */ = {isa = PBXBuildFile; fileRef = C9433D80176B13284D965BCA; };
		7E41483883808C37B1D121A7 /* MainView.swift in VideoPoker */ = {isa = PBXBuildFile; fileRef = 6DBD6A3EB9F571F305E16D34; };
		38991935B0341C08023222D2 /* MainViewController.swift in VideoPoker */ = {isa = PBXBuildFile; fileRef = 5DE9AC03C8B4B072203B6850; };
		CF1832D5E940F374B5A58135 /* OptionsViewController.swift in VideoPoker */ = {isa = PBXBuildFile; fileRef = 2845FF50B665E92FF18236EF; };
		478581A384A943252D26B1D7 /* PayScheduleView.swift in VideoPoker */ = {isa = PBXBuildFile; fileRef = CD729933835D748DDFEB59D1; };
		101CE8A7C4A7366F932848CB /* PayScheduleViewController.swift in VideoPoker */ = {isa = PBXBuildFile; fileRef = 74BE876705440998A3C1DA56; };
		9921F4DBBF335C036800F7CE /* ReturnViewController.swift in VideoPoker */ = {isa = PBXBuildFile; fileRef = 2E52B72213A066173169FA44; };
		C7887FE0EC685C63B01A869D /* ScaleToFitView.swift in VideoPoker */ = {isa = PBXBuildFile; fileRef = DC587FD77A2AFC74BCDBE45E; };
		145A200A57B5BF0704FBE7A2 /* SessionDetailsViewController.swift in VideoPoker */ = {isa = PBXBuildFile; fileRef = 946F4D2D4F47187A3132D64D; };
		FBB76501C37C02DBC8DA3BBF /* SolveViewController.swift in VideoPoker */ = {isa = PBXBuildFile; fileRef = 3399B4E2C6E12247D96CF694; };
		4490300E98AF8BCC3F219BB8 /* StrokeLabel.swift in VideoPoker */ = {isa = PBXBuildFile; fileRef = 6A2EA80EB86D8CF08BBA7C8B; };
		BAB074EC147C2A9410CF56A6 /* main.swift in VideoPoker */ = {isa = PBXBuildFile; fileRef = 80C7F82D8509E7F3E82D5BC7; };
		6A46E355716036D8B0FAC22A /* ManagedObjects.swift in VideoPoker */ = {isa = PBXBuildFile; fileRef = 54B528167C6FE052269A9F34; };
		2877EB9DBA29578CDD9D49C9 /* ManagedObjects.xcdatamodeld in VideoPoker */ = {isa = PBXBuildFile; fileRef = 9CF26363E324D6FE6B9F28A3; };
		88BBC2D00682D83BB59878B6 /* CardTableView.xib in VideoPoker */ = {isa = PBXBuildFile; fileRef = 15AD22CF9BB0A25DB6832F5D; };
		60A433C39A06F276E4FF7FF4 /* ChooseGameView.xib in VideoPoker */ = {isa = PBXBuildFile; fileRef = BA7BC16B7A0986A18E11C4B3; };
		0B6068E68BBC207938B4F16C /* HandDetailsTableCell.xib in VideoPoker */ = {isa = PBXBuildFile; fileRef = 025DAD1BAF8ACC2FA044D5DC; };
		02CACF7C39D14CF082E65F5A /* HandDetailsTitle.xib in VideoPoker */ = {isa = PBXBuildFile; fileRef = E1DD03326BAA0DC333B77D69; };
		ADADDD7F3AB069B248734D6C /* HandDetailsView.xib in VideoPoker */ = {isa = PBXBuildFile; fileRef = B88F4B28F839C20F32BA6534; };
		148B97D151FFD33029D4ECBE /* HandHistoryTable.xib in VideoPoker */ = {isa = PBXBuildFile; fileRef = F006A51D842303157B05D318; };
		7E4B007CC189A73A8927A835 /* HistoryView.xib in VideoPoker */ = {isa = PBXBuildFile; fileRef = 58289C1B489B7B37C476B22E; };
		D15282B026692B8CCF35CE2B /* MainView.xib in VideoPoker */ = {isa = PBXBuildFile; fileRef = 0262609C610258FA969940DE; };
		714E66A490395C78D3E6A494 /* MainWindow.xib in VideoPoker */ = {isa = PBXBuildFile; fileRef = FF5DCD40ED73DA41D4C1F52D; };
		4C475F673DFD12BE18489FCC /* OptionsView.xib in VideoPoker */ = {isa = PBXBuildFile; fileRef = FF13B8DC4B734135B222CFD3; };
		BD759648F4EE2F2B6D6CCA2F /* PayScheduleView.xib in VideoPoker */ = {isa = PBXBuildFile; fileRef = 7F33BDEF0B78608CEF53A75B; };
		914390BE0F595F1680EF6BE7 /* ReturnView.xib in VideoPoker */ = {isa = PBXBuildFile; fileRef = 2661F9F5B7909FDC5B95C052; };
		BDDA484D055D021C153E74C3 /* SessionDetailsView.xib in VideoPoker */ = {isa = PBXBuildFile; fileRef = 4FB9A308FCC242C0A4965BEB; };
		9976401917A58CAE46F457BF /* SessionTableCell.xib in VideoPoker */ = {isa = PBXBuildFile; fileRef = 8EEAE380C84E8104E41AFDFF; };
		B7A5A91193C1BB543214757E /* SolveView.xib in VideoPoker */ = {isa = PBXBuildFile; fileRef = B55CFAFFF123A13B40195813; };
		78B35711626A311691925875 /* blueback.png in VideoPoker */ = {isa = PBXBuildFile; fileRef = F8EBD038B06E8C8B54D124B6; };
		6DFB5501B9FE89B62E4EA1A1 /* classic-playing-cards.png in VideoPoker */ = {isa = PBXBuildFile; fileRef = 664414942CEC5E1BDE98DAA1; };
		4857719314760CE1FD792369 /* held.png in VideoPoker */ = {isa = PBXBuildFile; fileRef = 1C8E89872311EA22857078B6; };
		B2D9A7A1A36E32D9ABD611B4 /* suits-60.png in VideoPoker */ = {isa = PBXBuildFile; fileRef = 8B09F5E8A8135EAE17F59426; };
		DA42D61F51A584749D1C1316 /* suits-big.png in VideoPoker */ = {isa = PBXBuildFile; fileRef = 29EB85564BD086480D36EF91; };
		674BEEAA3D4832DBA8D01F94 /* suits-small.png in VideoPoker */ = {isa = PBXBuildFile; fileRef = 61977F963188123FC113D79C; };
		84BAC92EC99039AE1F8057B6 /* yellow-60-40.png in VideoPoker */ = {isa = PBXBuildFile; fileRef = C99194F85C1B3E61EB858082; };
		444538D52B82233B66780C6C /* yellow2-60-40.png in VideoPoker */ = {isa = PBXBuildFile; fileRef = 71DE9AD041A0D3637DA47876; };
		9B895B69B41785AEEDA67A3A /* Default-568h@2x.png in VideoPoker */ = {isa = PBXBuildFile; fileRef = 8FD0EDE39DA05D77C368FB9B; };
		A3DA57AF781EC01F47D7E646 /* Jacks.dat in VideoPoker */ = {isa = PBXBuildFile; fileRef = 429ECBC1A814E384E32C0229; };
		8EA1796A5F7888EF4D19347D /* EngineTests.swift in VideoPokerTests */ = {isa = PBXBuildFile; fileRef = 96FCDAFAA4CCDB888758B482; };
		341245FEDCEBEAD8C632528E /* VideoPokerUITests.swift in VideoPokerUITests */ = {isa = PBXBuildFile; fileRef = 6B3EFAE23902B5FF2317167C; };
/* End PBXBuildFile section */

/* Begin PBXContainerItemProxy section */
		A5DE64A38DEFEA35D4252509 /* PBXContainerItemProxy */ = {isa = PBXContainerItemProxy; containerPortal = 46F86FAA6BBF9AC94A7E4595; proxyType = 1; remoteGlobalIDString = FF7C198BB34ABB3A354AB00A; remoteInfo = VideoPoker; };
		E105CBEB1D6DC1EB85A56AAA /* PBXContainerItemProxy */ = {isa = PBXContainerItemProxy; containerPortal = 46F86FAA6BBF9AC94A7E4595; proxyType = 1; remoteGlobalIDString = FF7C198BB34ABB3A354AB00A; remoteInfo = VideoPoker; };
/* End PBXContainerItemProxy section */

/* Begin PBXFileReference section */
		D1FDB9C787FE61B71B81A395 /* Card.swift */ = {isa = PBXFileReference; lastKnownFileType = sourcecode.swift; name = Card.swift; path = Engine/Card.swift; sourceTree = SOURCE_ROOT; };
		B4FBCFC5437C51BB3690A262 /* CurrentHand.swift */ = {isa = PBXFileReference; lastKnownFileType = sourcecode.swift; name = CurrentHand.swift; path = Engine/CurrentHand.swift; sourceTree = SOURCE_ROOT; };
		3577678646F6C48E2B4FD779 /* Deck.swift */ = {isa = PBXFileReference; lastKnownFileType = sourcecode.swift; name = Deck.swift; path = Engine/Deck.swift; sourceTree = SOURCE_ROOT; };
		8120D85ADA534FDA63F8C2C9 /* HandAnalyzer.swift */ = {isa = PBXFileReference; lastKnownFileType = sourcecode.swift; name = HandAnalyzer.swift; path = Engine/HandAnalyzer.swift; sourceTree = SOURCE_ROOT; };
		EA0BD39886E35B6FEB094E78 /* HandValue.swift */ = {isa = PBXFileReference; lastKnownFileType = sourcecode.swift; name = HandValue.swift; path = Engine/HandValue.swift; sourceTree = SOURCE_ROOT; };
		F889D6532DADC1281D3EF807 /* PaySchedule.swift */ = {isa = PBXFileReference; lastKnownFileType = sourcecode.swift; name = PaySchedule.swift; path = Engine/PaySchedule.swift; sourceTree = SOURCE_ROOT; };
		2DB10C5359AA5A1BF6BA0E4E /* PayTables.swift */ = {isa = PBXFileReference; lastKnownFileType = sourcecode.swift; name = PayTables.swift; path = Engine/PayTables.swift; sourceTree = SOURCE_ROOT; };
		0CC75C156511F32D1410780C /* SolverData.swift */ = {isa = PBXFileReference; lastKnownFileType = sourcecode.swift; name = SolverData.swift; path = Engine/SolverData.swift; sourceTree = SOURCE_ROOT; };
		6397A08251952DDE8297DA29 /* AppDelegate.swift */ = {isa = PBXFileReference; lastKnownFileType = sourcecode.swift; name = AppDelegate.swift; path = Classes/AppDelegate.swift; sourceTree = SOURCE_ROOT; };
		EAAB5AF0B65EEDB4B9CC6F3D /* CardImages.swift */ = {isa = PBXFileReference; lastKnownFileType = sourcecode.swift; name = CardImages.swift; path = Classes/CardImages.swift; sourceTree = SOURCE_ROOT; };
		53FFDCE8035B66C13F918A89 /* CardTableView.swift */ = {isa = PBXFileReference; lastKnownFileType = sourcecode.swift; name = CardTableView.swift; path = Classes/CardTableView.swift; sourceTree = SOURCE_ROOT; };
		CB043FD54DD7A3226AA4BE0D /* CardTableViewController.swift */ = {isa = PBXFileReference; lastKnownFileType = sourcecode.swift; name = CardTableViewController.swift; path = Classes/CardTableViewController.swift; sourceTree = SOURCE_ROOT; };
		1C6D80CCDA6CA0731FF34D23 /* CardView.swift */ = {isa = PBXFileReference; lastKnownFileType = sourcecode.swift; name = CardView.swift; path = Classes/CardView.swift; sourceTree = SOURCE_ROOT; };
		49E60BD437282DA726EEBCB3 /* ChooseGameViewController.swift */ = {isa = PBXFileReference; lastKnownFileType = sourcecode.swift; name = ChooseGameViewController.swift; path = Classes/ChooseGameViewController.swift; sourceTree = SOURCE_ROOT; };
		CEE50FE9AE836641A7F2105A /* GameModel.swift */ = {isa = PBXFileReference; lastKnownFileType = sourcecode.swift; name = GameModel.swift; path = Classes/GameModel.swift; sourceTree = SOURCE_ROOT; };
		C52615EBCE1598B60EC496C7 /* HandDetailsViewController.swift */ = {isa = PBXFileReference; lastKnownFileType = sourcecode.swift; name = HandDetailsViewController.swift; path = Classes/HandDetailsViewController.swift; sourceTree = SOURCE_ROOT; };
		C9433D80176B13284D965BCA /* HistoryViewController.swift */ = {isa = PBXFileReference; lastKnownFileType = sourcecode.swift; name = HistoryViewController.swift; path = Classes/HistoryViewController.swift; sourceTree = SOURCE_ROOT; };
		6DBD6A3EB9F571F305E16D34 /* MainView.swift */ = {isa = PBXFileReference; lastKnownFileType = sourcecode.swift; name = MainView.swift; path = Classes/MainView.swift; sourceTree = SOURCE_ROOT; };
		5DE9AC03C8B4B072203B6850 /* MainViewController.swift */ = {isa = PBXFileReference; lastKnownFileType = sourcecode.swift; name = MainViewController.swift; path = Classes/MainViewController.swift; sourceTree = SOURCE_ROOT; };
		2845FF50B665E92FF18236EF /* OptionsViewController.swift */ = {isa = PBXFileReference; lastKnownFileType = sourcecode.swift; name = OptionsViewController.swift; path = Classes/OptionsViewController.swift; sourceTree = SOURCE_ROOT; };
		CD729933835D748DDFEB59D1 /* PayScheduleView.swift */ = {isa = PBXFileReference; lastKnownFileType = sourcecode.swift; name = PayScheduleView.swift; path = Classes/PayScheduleView.swift; sourceTree = SOURCE_ROOT; };
		74BE876705440998A3C1DA56 /* PayScheduleViewController.swift */ = {isa = PBXFileReference; lastKnownFileType = sourcecode.swift; name = PayScheduleViewController.swift; path = Classes/PayScheduleViewController.swift; sourceTree = SOURCE_ROOT; };
		2E52B72213A066173169FA44 /* ReturnViewController.swift */ = {isa = PBXFileReference; lastKnownFileType = sourcecode.swift; name = ReturnViewController.swift; path = Classes/ReturnViewController.swift; sourceTree = SOURCE_ROOT; };
		DC587FD77A2AFC74BCDBE45E /* ScaleToFitView.swift */ = {isa = PBXFileReference; lastKnownFileType = sourcecode.swift; name = ScaleToFitView.swift; path = Classes/ScaleToFitView.swift; sourceTree = SOURCE_ROOT; };
		946F4D2D4F47187A3132D64D /* SessionDetailsViewController.swift */ = {isa = PBXFileReference; lastKnownFileType = sourcecode.swift; name = SessionDetailsViewController.swift; path = Classes/SessionDetailsViewController.swift; sourceTree = SOURCE_ROOT; };
		3399B4E2C6E12247D96CF694 /* SolveViewController.swift */ = {isa = PBXFileReference; lastKnownFileType = sourcecode.swift; name = SolveViewController.swift; path = Classes/SolveViewController.swift; sourceTree = SOURCE_ROOT; };
		6A2EA80EB86D8CF08BBA7C8B /* StrokeLabel.swift */ = {isa = PBXFileReference; lastKnownFileType = sourcecode.swift; name = StrokeLabel.swift; path = Classes/StrokeLabel.swift; sourceTree = SOURCE_ROOT; };
		80C7F82D8509E7F3E82D5BC7 /* main.swift */ = {isa = PBXFileReference; lastKnownFileType = sourcecode.swift; name = main.swift; path = Classes/main.swift; sourceTree = SOURCE_ROOT; };
		54B528167C6FE052269A9F34 /* ManagedObjects.swift */ = {isa = PBXFileReference; lastKnownFileType = sourcecode.swift; name = ManagedObjects.swift; path = ManagedObjects/ManagedObjects.swift; sourceTree = SOURCE_ROOT; };
		15AD22CF9BB0A25DB6832F5D /* CardTableView.xib */ = {isa = PBXFileReference; lastKnownFileType = file.xib; name = CardTableView.xib; path = Resources/CardTableView.xib; sourceTree = SOURCE_ROOT; };
		BA7BC16B7A0986A18E11C4B3 /* ChooseGameView.xib */ = {isa = PBXFileReference; lastKnownFileType = file.xib; name = ChooseGameView.xib; path = Resources/ChooseGameView.xib; sourceTree = SOURCE_ROOT; };
		025DAD1BAF8ACC2FA044D5DC /* HandDetailsTableCell.xib */ = {isa = PBXFileReference; lastKnownFileType = file.xib; name = HandDetailsTableCell.xib; path = Resources/HandDetailsTableCell.xib; sourceTree = SOURCE_ROOT; };
		E1DD03326BAA0DC333B77D69 /* HandDetailsTitle.xib */ = {isa = PBXFileReference; lastKnownFileType = file.xib; name = HandDetailsTitle.xib; path = Resources/HandDetailsTitle.xib; sourceTree = SOURCE_ROOT; };
		B88F4B28F839C20F32BA6534 /* HandDetailsView.xib */ = {isa = PBXFileReference; lastKnownFileType = file.xib; name = HandDetailsView.xib; path = Resources/HandDetailsView.xib; sourceTree = SOURCE_ROOT; };
		F006A51D842303157B05D318 /* HandHistoryTable.xib */ = {isa = PBXFileReference; lastKnownFileType = file.xib; name = HandHistoryTable.xib; path = Resources/HandHistoryTable.xib; sourceTree = SOURCE_ROOT; };
		58289C1B489B7B37C476B22E /* HistoryView.xib */ = {isa = PBXFileReference; lastKnownFileType = file.xib; name = HistoryView.xib; path = Resources/HistoryView.xib; sourceTree = SOURCE_ROOT; };
		0262609C610258FA969940DE /* MainView.xib */ = {isa = PBXFileReference; lastKnownFileType = file.xib; name = MainView.xib; path = Resources/MainView.xib; sourceTree = SOURCE_ROOT; };
		FF5DCD40ED73DA41D4C1F52D /* MainWindow.xib */ = {isa = PBXFileReference; lastKnownFileType = file.xib; name = MainWindow.xib; path = Resources/MainWindow.xib; sourceTree = SOURCE_ROOT; };
		FF13B8DC4B734135B222CFD3 /* OptionsView.xib */ = {isa = PBXFileReference; lastKnownFileType = file.xib; name = OptionsView.xib; path = Resources/OptionsView.xib; sourceTree = SOURCE_ROOT; };
		7F33BDEF0B78608CEF53A75B /* PayScheduleView.xib */ = {isa = PBXFileReference; lastKnownFileType = file.xib; name = PayScheduleView.xib; path = Resources/PayScheduleView.xib; sourceTree = SOURCE_ROOT; };
		2661F9F5B7909FDC5B95C052 /* ReturnView.xib */ = {isa = PBXFileReference; lastKnownFileType = file.xib; name = ReturnView.xib; path = Resources/ReturnView.xib; sourceTree = SOURCE_ROOT; };
		4FB9A308FCC242C0A4965BEB /* SessionDetailsView.xib */ = {isa = PBXFileReference; lastKnownFileType = file.xib; name = SessionDetailsView.xib; path = Resources/SessionDetailsView.xib; sourceTree = SOURCE_ROOT; };
		8EEAE380C84E8104E41AFDFF /* SessionTableCell.xib */ = {isa = PBXFileReference; lastKnownFileType = file.xib; name = SessionTableCell.xib; path = Resources/SessionTableCell.xib; sourceTree = SOURCE_ROOT; };
		B55CFAFFF123A13B40195813 /* SolveView.xib */ = {isa = PBXFileReference; lastKnownFileType = file.xib; name = SolveView.xib; path = Resources/SolveView.xib; sourceTree = SOURCE_ROOT; };
		F8EBD038B06E8C8B54D124B6 /* blueback.png */ = {isa = PBXFileReference; lastKnownFileType = image.png; name = blueback.png; path = Resources/blueback.png; sourceTree = SOURCE_ROOT; };
		664414942CEC5E1BDE98DAA1 /* classic-playing-cards.png */ = {isa = PBXFileReference; lastKnownFileType = image.png; name = "classic-playing-cards.png"; path = "Resources/classic-playing-cards.png"; sourceTree = SOURCE_ROOT; };
		1C8E89872311EA22857078B6 /* held.png */ = {isa = PBXFileReference; lastKnownFileType = image.png; name = held.png; path = Resources/held.png; sourceTree = SOURCE_ROOT; };
		8B09F5E8A8135EAE17F59426 /* suits-60.png */ = {isa = PBXFileReference; lastKnownFileType = image.png; name = "suits-60.png"; path = "Resources/suits-60.png"; sourceTree = SOURCE_ROOT; };
		29EB85564BD086480D36EF91 /* suits-big.png */ = {isa = PBXFileReference; lastKnownFileType = image.png; name = "suits-big.png"; path = "Resources/suits-big.png"; sourceTree = SOURCE_ROOT; };
		61977F963188123FC113D79C /* suits-small.png */ = {isa = PBXFileReference; lastKnownFileType = image.png; name = "suits-small.png"; path = "Resources/suits-small.png"; sourceTree = SOURCE_ROOT; };
		C99194F85C1B3E61EB858082 /* yellow-60-40.png */ = {isa = PBXFileReference; lastKnownFileType = image.png; name = "yellow-60-40.png"; path = "Resources/yellow-60-40.png"; sourceTree = SOURCE_ROOT; };
		71DE9AD041A0D3637DA47876 /* yellow2-60-40.png */ = {isa = PBXFileReference; lastKnownFileType = image.png; name = "yellow2-60-40.png"; path = "Resources/yellow2-60-40.png"; sourceTree = SOURCE_ROOT; };
		8FD0EDE39DA05D77C368FB9B /* Default-568h@2x.png */ = {isa = PBXFileReference; lastKnownFileType = image.png; name = "Default-568h@2x.png"; path = "Default-568h@2x.png"; sourceTree = SOURCE_ROOT; };
		96FCDAFAA4CCDB888758B482 /* EngineTests.swift */ = {isa = PBXFileReference; lastKnownFileType = sourcecode.swift; name = EngineTests.swift; path = VideoPokerTests/EngineTests.swift; sourceTree = SOURCE_ROOT; };
		6B3EFAE23902B5FF2317167C /* VideoPokerUITests.swift */ = {isa = PBXFileReference; lastKnownFileType = sourcecode.swift; name = VideoPokerUITests.swift; path = VideoPokerUITests/VideoPokerUITests.swift; sourceTree = SOURCE_ROOT; };
		429ECBC1A814E384E32C0229 /* Jacks.dat */ = {isa = PBXFileReference; lastKnownFileType = file; name = Jacks.dat; path = ../SolverData/Jacks.dat; sourceTree = SOURCE_ROOT; };
		BD336B10FFDC21BB9E6A48B2 /* VideoPoker-Info.plist */ = {isa = PBXFileReference; lastKnownFileType = text.plist.xml; name = "VideoPoker-Info.plist"; path = "VideoPoker-Info.plist"; sourceTree = SOURCE_ROOT; };
		1B75E00AA18F835D1F54E119 /* ManagedObjects.xcdatamodel */ = {isa = PBXFileReference; lastKnownFileType = wrapper.xcdatamodel; path = ManagedObjects.xcdatamodel; sourceTree = "<group>"; };
		C5F058FC521975E11447AF1E /* VideoPoker.app */ = {isa = PBXFileReference; explicitFileType = wrapper.application; includeInIndex = 0; path = VideoPoker.app; sourceTree = BUILT_PRODUCTS_DIR; };
		1950B0E70A55E9843246FBE5 /* VideoPokerTests.xctest */ = {isa = PBXFileReference; explicitFileType = wrapper.cfbundle; includeInIndex = 0; path = VideoPokerTests.xctest; sourceTree = BUILT_PRODUCTS_DIR; };
		2D350F01CAE764AC4F592580 /* VideoPokerUITests.xctest */ = {isa = PBXFileReference; explicitFileType = wrapper.cfbundle; includeInIndex = 0; path = VideoPokerUITests.xctest; sourceTree = BUILT_PRODUCTS_DIR; };
/* End PBXFileReference section */

/* Begin PBXFrameworksBuildPhase section */
		005EF9203E349F6BE296C332 /* Frameworks */ = {isa = PBXFrameworksBuildPhase; buildActionMask = 2147483647; files = (); runOnlyForDeploymentPostprocessing = 0; };
		8036FA22DCBD0B2411F7B3C9 /* Frameworks */ = {isa = PBXFrameworksBuildPhase; buildActionMask = 2147483647; files = (); runOnlyForDeploymentPostprocessing = 0; };
		6DD6ADB5F82C84A49823F605 /* Frameworks */ = {isa = PBXFrameworksBuildPhase; buildActionMask = 2147483647; files = (); runOnlyForDeploymentPostprocessing = 0; };
/* End PBXFrameworksBuildPhase section */

/* Begin PBXGroup section */
		4FDE07D038078294F37C5375 /* Engine */ = {isa = PBXGroup; children = (D1FDB9C787FE61B71B81A395, B4FBCFC5437C51BB3690A262, 3577678646F6C48E2B4FD779, 8120D85ADA534FDA63F8C2C9, EA0BD39886E35B6FEB094E78, F889D6532DADC1281D3EF807, 2DB10C5359AA5A1BF6BA0E4E, 0CC75C156511F32D1410780C, ); name = Engine; sourceTree = "<group>"; };
		CB123E9C6B462C7FBBE0AEBD /* Classes */ = {isa = PBXGroup; children = (6397A08251952DDE8297DA29, EAAB5AF0B65EEDB4B9CC6F3D, 53FFDCE8035B66C13F918A89, CB043FD54DD7A3226AA4BE0D, 1C6D80CCDA6CA0731FF34D23, 49E60BD437282DA726EEBCB3, CEE50FE9AE836641A7F2105A, C52615EBCE1598B60EC496C7, C9433D80176B13284D965BCA, 6DBD6A3EB9F571F305E16D34, 5DE9AC03C8B4B072203B6850, 2845FF50B665E92FF18236EF, CD729933835D748DDFEB59D1, 74BE876705440998A3C1DA56, 2E52B72213A066173169FA44, DC587FD77A2AFC74BCDBE45E, 946F4D2D4F47187A3132D64D, 3399B4E2C6E12247D96CF694, 6A2EA80EB86D8CF08BBA7C8B, 80C7F82D8509E7F3E82D5BC7, ); name = Classes; sourceTree = "<group>"; };
		0D6417E574D4EDE049DD613C /* ManagedObjects */ = {isa = PBXGroup; children = (54B528167C6FE052269A9F34, 9CF26363E324D6FE6B9F28A3, ); name = ManagedObjects; sourceTree = "<group>"; };
		78293C213848B86FA7E3E3C8 /* Resources */ = {isa = PBXGroup; children = (15AD22CF9BB0A25DB6832F5D, BA7BC16B7A0986A18E11C4B3, 025DAD1BAF8ACC2FA044D5DC, E1DD03326BAA0DC333B77D69, B88F4B28F839C20F32BA6534, F006A51D842303157B05D318, 58289C1B489B7B37C476B22E, 0262609C610258FA969940DE, FF5DCD40ED73DA41D4C1F52D, FF13B8DC4B734135B222CFD3, 7F33BDEF0B78608CEF53A75B, 2661F9F5B7909FDC5B95C052, 4FB9A308FCC242C0A4965BEB, 8EEAE380C84E8104E41AFDFF, B55CFAFFF123A13B40195813, F8EBD038B06E8C8B54D124B6, 664414942CEC5E1BDE98DAA1, 1C8E89872311EA22857078B6, 8B09F5E8A8135EAE17F59426, 29EB85564BD086480D36EF91, 61977F963188123FC113D79C, C99194F85C1B3E61EB858082, 71DE9AD041A0D3637DA47876, 8FD0EDE39DA05D77C368FB9B, 429ECBC1A814E384E32C0229, ); name = Resources; sourceTree = "<group>"; };
		CE58E7E453A795ADFD9CA8F0 /* Supporting Files */ = {isa = PBXGroup; children = (BD336B10FFDC21BB9E6A48B2, ); name = "Supporting Files"; sourceTree = "<group>"; };
		38D94DF4106F177676F19714 /* VideoPokerTests */ = {isa = PBXGroup; children = (96FCDAFAA4CCDB888758B482, ); name = VideoPokerTests; sourceTree = "<group>"; };
		C89C19B29A774125FAC4D5F1 /* VideoPokerUITests */ = {isa = PBXGroup; children = (6B3EFAE23902B5FF2317167C, ); name = VideoPokerUITests; sourceTree = "<group>"; };
		2AC8BA37DAC32D5437812408 /* Products */ = {isa = PBXGroup; children = (C5F058FC521975E11447AF1E, 1950B0E70A55E9843246FBE5, 2D350F01CAE764AC4F592580, ); name = Products; sourceTree = "<group>"; };
		4EAE695AD1F489F78EA3E1C6 = {isa = PBXGroup; children = (4FDE07D038078294F37C5375, CB123E9C6B462C7FBBE0AEBD, 0D6417E574D4EDE049DD613C, 78293C213848B86FA7E3E3C8, CE58E7E453A795ADFD9CA8F0, 38D94DF4106F177676F19714, C89C19B29A774125FAC4D5F1, 2AC8BA37DAC32D5437812408, ); sourceTree = "<group>"; };
/* End PBXGroup section */

/* Begin PBXNativeTarget section */
		FF7C198BB34ABB3A354AB00A /* VideoPoker */ = {isa = PBXNativeTarget; buildConfigurationList = FB2A5538296DA6B0311A2BA8; buildPhases = (19DB0743B531BDCCCA48696C, 005EF9203E349F6BE296C332, 6876821852574F24C08B283C, ); buildRules = (); dependencies = (); name = VideoPoker; productName = VideoPoker; productReference = C5F058FC521975E11447AF1E; productType = "com.apple.product-type.application"; };
		C569FE1D20B0F1C7E6037469 /* VideoPokerTests */ = {isa = PBXNativeTarget; buildConfigurationList = D6ACEEB8091EAE794FA2A7B3; buildPhases = (FB4DD76B0F7EADDC06FA4E23, 8036FA22DCBD0B2411F7B3C9, F53A466330427FF2E955359F, ); buildRules = (); dependencies = (A424BA20BCF4222536478145, ); name = VideoPokerTests; productName = VideoPokerTests; productReference = 1950B0E70A55E9843246FBE5; productType = "com.apple.product-type.bundle.unit-test"; };
		CB31ECAB10F4C1D84D9E9372 /* VideoPokerUITests */ = {isa = PBXNativeTarget; buildConfigurationList = DC0C3B39161670A74EE10C68; buildPhases = (433483922BC3A3DF77393BE1, 6DD6ADB5F82C84A49823F605, 6C8DA1488C524D2512503CDA, ); buildRules = (); dependencies = (195566733BDF3F1FA85FE788, ); name = VideoPokerUITests; productName = VideoPokerUITests; productReference = 2D350F01CAE764AC4F592580; productType = "com.apple.product-type.bundle.ui-testing"; };
/* End PBXNativeTarget section */

/* Begin PBXProject section */
		46F86FAA6BBF9AC94A7E4595 /* Project object */ = {isa = PBXProject; attributes = {BuildIndependentTargetsInParallel = 1; LastSwiftUpdateCheck = 2650; LastUpgradeCheck = 2650; TargetAttributes = {C569FE1D20B0F1C7E6037469 = {TestTargetID = FF7C198BB34ABB3A354AB00A; }; CB31ECAB10F4C1D84D9E9372 = {TestTargetID = FF7C198BB34ABB3A354AB00A; }; }; }; buildConfigurationList = A1806D8FE767B99D399E13F3; compatibilityVersion = "Xcode 14.0"; developmentRegion = en; hasScannedForEncodings = 0; knownRegions = (en, Base, ); mainGroup = 4EAE695AD1F489F78EA3E1C6; productRefGroup = 2AC8BA37DAC32D5437812408; projectDirPath = ""; projectRoot = ""; targets = (FF7C198BB34ABB3A354AB00A, C569FE1D20B0F1C7E6037469, CB31ECAB10F4C1D84D9E9372, ); };
/* End PBXProject section */

/* Begin PBXResourcesBuildPhase section */
		6876821852574F24C08B283C /* Resources */ = {isa = PBXResourcesBuildPhase; buildActionMask = 2147483647; files = (88BBC2D00682D83BB59878B6, 60A433C39A06F276E4FF7FF4, 0B6068E68BBC207938B4F16C, 02CACF7C39D14CF082E65F5A, ADADDD7F3AB069B248734D6C, 148B97D151FFD33029D4ECBE, 7E4B007CC189A73A8927A835, D15282B026692B8CCF35CE2B, 714E66A490395C78D3E6A494, 4C475F673DFD12BE18489FCC, BD759648F4EE2F2B6D6CCA2F, 914390BE0F595F1680EF6BE7, BDDA484D055D021C153E74C3, 9976401917A58CAE46F457BF, B7A5A91193C1BB543214757E, 78B35711626A311691925875, 6DFB5501B9FE89B62E4EA1A1, 4857719314760CE1FD792369, B2D9A7A1A36E32D9ABD611B4, DA42D61F51A584749D1C1316, 674BEEAA3D4832DBA8D01F94, 84BAC92EC99039AE1F8057B6, 444538D52B82233B66780C6C, 9B895B69B41785AEEDA67A3A, A3DA57AF781EC01F47D7E646, ); runOnlyForDeploymentPostprocessing = 0; };
		F53A466330427FF2E955359F /* Resources */ = {isa = PBXResourcesBuildPhase; buildActionMask = 2147483647; files = (); runOnlyForDeploymentPostprocessing = 0; };
		6C8DA1488C524D2512503CDA /* Resources */ = {isa = PBXResourcesBuildPhase; buildActionMask = 2147483647; files = (); runOnlyForDeploymentPostprocessing = 0; };
/* End PBXResourcesBuildPhase section */

/* Begin PBXSourcesBuildPhase section */
		19DB0743B531BDCCCA48696C /* Sources */ = {isa = PBXSourcesBuildPhase; buildActionMask = 2147483647; files = (9E1132EB9D4768449FED6A66, 37E1CC02244EDF75F986D4EE, B9C32C7673669EF1D6416FB4, F29471674646B04D1C9029AB, B5FDB0C474A69C78F4E0C893, E104A2DF63DC8126863D8705, 3BFB63E1DE233B90417A3B8E, 176774F7127818FB99FE9F63, CA152EB8DCFE52EDC0490D29, B0E39AC633851C6D8150AD6E, E37BAA9F716A5A80B2B9C8CF, 682D6886C2EA43F9C7CF9047, 217EC4577C1D614393C22343, 23A8CD558586E1754C3FBCF0, 4A75A7A4852EFC7B5C50CC13, D3F7A0948D002307819E2F98, A6CFA2FC0698426D5577A66F, 7E41483883808C37B1D121A7, 38991935B0341C08023222D2, CF1832D5E940F374B5A58135, 478581A384A943252D26B1D7, 101CE8A7C4A7366F932848CB, 9921F4DBBF335C036800F7CE, C7887FE0EC685C63B01A869D, 145A200A57B5BF0704FBE7A2, FBB76501C37C02DBC8DA3BBF, 4490300E98AF8BCC3F219BB8, BAB074EC147C2A9410CF56A6, 6A46E355716036D8B0FAC22A, 2877EB9DBA29578CDD9D49C9, ); runOnlyForDeploymentPostprocessing = 0; };
		FB4DD76B0F7EADDC06FA4E23 /* Sources */ = {isa = PBXSourcesBuildPhase; buildActionMask = 2147483647; files = (8EA1796A5F7888EF4D19347D, ); runOnlyForDeploymentPostprocessing = 0; };
		433483922BC3A3DF77393BE1 /* Sources */ = {isa = PBXSourcesBuildPhase; buildActionMask = 2147483647; files = (341245FEDCEBEAD8C632528E, ); runOnlyForDeploymentPostprocessing = 0; };
/* End PBXSourcesBuildPhase section */

/* Begin PBXTargetDependency section */
		A424BA20BCF4222536478145 /* PBXTargetDependency */ = {isa = PBXTargetDependency; target = FF7C198BB34ABB3A354AB00A; targetProxy = A5DE64A38DEFEA35D4252509; };
		195566733BDF3F1FA85FE788 /* PBXTargetDependency */ = {isa = PBXTargetDependency; target = FF7C198BB34ABB3A354AB00A; targetProxy = E105CBEB1D6DC1EB85A56AAA; };
/* End PBXTargetDependency section */

/* Begin XCBuildConfiguration section */
		D48F58F8CA231B2301441318 /* Debug */ = {isa = XCBuildConfiguration; buildSettings = {ALWAYS_SEARCH_USER_PATHS = NO; IPHONEOS_DEPLOYMENT_TARGET = 15.0; SDKROOT = iphoneos; TARGETED_DEVICE_FAMILY = 1; SWIFT_VERSION = 5.0; CLANG_ENABLE_MODULES = YES; ENABLE_USER_SCRIPT_SANDBOXING = YES; ENABLE_STRICT_OBJC_MSGSEND = YES; DEBUG_INFORMATION_FORMAT = dwarf; GCC_OPTIMIZATION_LEVEL = 0; ONLY_ACTIVE_ARCH = YES; ENABLE_TESTABILITY = YES; SWIFT_OPTIMIZATION_LEVEL = "-Onone"; SWIFT_ACTIVE_COMPILATION_CONDITIONS = DEBUG; GCC_PREPROCESSOR_DEFINITIONS = ("DEBUG=1", "$(inherited)", );}; name = Debug; };
		6AFE22E70BE079CBB63426F8 /* Release */ = {isa = XCBuildConfiguration; buildSettings = {ALWAYS_SEARCH_USER_PATHS = NO; IPHONEOS_DEPLOYMENT_TARGET = 15.0; SDKROOT = iphoneos; TARGETED_DEVICE_FAMILY = 1; SWIFT_VERSION = 5.0; CLANG_ENABLE_MODULES = YES; ENABLE_USER_SCRIPT_SANDBOXING = YES; ENABLE_STRICT_OBJC_MSGSEND = YES; DEBUG_INFORMATION_FORMAT = "dwarf-with-dsym"; VALIDATE_PRODUCT = YES; SWIFT_OPTIMIZATION_LEVEL = "-O"; SWIFT_COMPILATION_MODE = wholemodule;}; name = Release; };
		E32497A8C173AE2BBDD7DBF6 /* Debug */ = {isa = XCBuildConfiguration; buildSettings = {PRODUCT_NAME = "$(TARGET_NAME)"; PRODUCT_BUNDLE_IDENTIFIER = com.jetson.perfect.VideoPoker; INFOPLIST_FILE = "VideoPoker-Info.plist"; GENERATE_INFOPLIST_FILE = NO; CODE_SIGN_STYLE = Automatic; CODE_SIGN_IDENTITY = "-";}; name = Debug; };
		296017649AD5DB28141855C8 /* Release */ = {isa = XCBuildConfiguration; buildSettings = {PRODUCT_NAME = "$(TARGET_NAME)"; PRODUCT_BUNDLE_IDENTIFIER = com.jetson.perfect.VideoPoker; INFOPLIST_FILE = "VideoPoker-Info.plist"; GENERATE_INFOPLIST_FILE = NO; CODE_SIGN_STYLE = Automatic; CODE_SIGN_IDENTITY = "-";}; name = Release; };
		92EC16AC303B2B50D2D559C0 /* Debug */ = {isa = XCBuildConfiguration; buildSettings = {PRODUCT_NAME = "$(TARGET_NAME)"; PRODUCT_BUNDLE_IDENTIFIER = com.jetson.perfect.VideoPokerTests; GENERATE_INFOPLIST_FILE = YES; CODE_SIGN_STYLE = Automatic; CODE_SIGN_IDENTITY = "-"; BUNDLE_LOADER = "$(TEST_HOST)"; TEST_HOST = "$(BUILT_PRODUCTS_DIR)/VideoPoker.app/$(BUNDLE_EXECUTABLE_FOLDER_PATH)/VideoPoker";}; name = Debug; };
		96AFF3A7C8B4F58E299BECB7 /* Release */ = {isa = XCBuildConfiguration; buildSettings = {PRODUCT_NAME = "$(TARGET_NAME)"; PRODUCT_BUNDLE_IDENTIFIER = com.jetson.perfect.VideoPokerTests; GENERATE_INFOPLIST_FILE = YES; CODE_SIGN_STYLE = Automatic; CODE_SIGN_IDENTITY = "-"; BUNDLE_LOADER = "$(TEST_HOST)"; TEST_HOST = "$(BUILT_PRODUCTS_DIR)/VideoPoker.app/$(BUNDLE_EXECUTABLE_FOLDER_PATH)/VideoPoker";}; name = Release; };
		DEA05017D3409351553B4D7D /* Debug */ = {isa = XCBuildConfiguration; buildSettings = {PRODUCT_NAME = "$(TARGET_NAME)"; PRODUCT_BUNDLE_IDENTIFIER = com.jetson.perfect.VideoPokerUITests; GENERATE_INFOPLIST_FILE = YES; CODE_SIGN_STYLE = Automatic; CODE_SIGN_IDENTITY = "-"; TEST_TARGET_NAME = VideoPoker;}; name = Debug; };
		8DA6DBACDEE42B1FA710ED39 /* Release */ = {isa = XCBuildConfiguration; buildSettings = {PRODUCT_NAME = "$(TARGET_NAME)"; PRODUCT_BUNDLE_IDENTIFIER = com.jetson.perfect.VideoPokerUITests; GENERATE_INFOPLIST_FILE = YES; CODE_SIGN_STYLE = Automatic; CODE_SIGN_IDENTITY = "-"; TEST_TARGET_NAME = VideoPoker;}; name = Release; };
/* End XCBuildConfiguration section */

/* Begin XCConfigurationList section */
		A1806D8FE767B99D399E13F3 /* Build configuration list for project */ = {isa = XCConfigurationList; buildConfigurations = (D48F58F8CA231B2301441318, 6AFE22E70BE079CBB63426F8, ); defaultConfigurationIsVisible = 0; defaultConfigurationName = Release; };
		FB2A5538296DA6B0311A2BA8 /* Build configuration list for VideoPoker */ = {isa = XCConfigurationList; buildConfigurations = (E32497A8C173AE2BBDD7DBF6, 296017649AD5DB28141855C8, ); defaultConfigurationIsVisible = 0; defaultConfigurationName = Release; };
		D6ACEEB8091EAE794FA2A7B3 /* Build configuration list for VideoPokerTests */ = {isa = XCConfigurationList; buildConfigurations = (92EC16AC303B2B50D2D559C0, 96AFF3A7C8B4F58E299BECB7, ); defaultConfigurationIsVisible = 0; defaultConfigurationName = Release; };
		DC0C3B39161670A74EE10C68 /* Build configuration list for VideoPokerUITests */ = {isa = XCConfigurationList; buildConfigurations = (DEA05017D3409351553B4D7D, 8DA6DBACDEE42B1FA710ED39, ); defaultConfigurationIsVisible = 0; defaultConfigurationName = Release; };
/* End XCConfigurationList section */

/* Begin XCVersionGroup section */
		9CF26363E324D6FE6B9F28A3 /* ManagedObjects.xcdatamodeld */ = {isa = XCVersionGroup; children = (1B75E00AA18F835D1F54E119, ); currentVersion = 1B75E00AA18F835D1F54E119; path = ManagedObjects.xcdatamodeld; sourceTree = SOURCE_ROOT; versionGroupType = wrapper.xcdatamodel; };
/* End XCVersionGroup section */
	};
	rootObject = 46F86FAA6BBF9AC94A7E4595 /* Project object */;
}
